// !$*UTF8*$!
{
	archiveVersion = 1;
	classes = {
	};
	objectVersion = 55;
	objects = {

/* Begin PBXBuildFile section */
		2D1B43402855E459006198FA /* SwiftUIEducationIOSApp.swift in Sources */ = {isa = PBXBuildFile; fileRef = 2D1B433F2855E459006198FA /* SwiftUIEducationIOSApp.swift */; };
		2D1B43422855E459006198FA /* ContentView.swift in Sources */ = {isa = PBXBuildFile; fileRef = 2D1B43412855E459006198FA /* ContentView.swift */; };
		2D1B43442855E45A006198FA /* Assets.xcassets in Resources */ = {isa = PBXBuildFile; fileRef = 2D1B43432855E45A006198FA /* Assets.xcassets */; };
		2D1B43472855E45A006198FA /* Preview Assets.xcassets in Resources */ = {isa = PBXBuildFile; fileRef = 2D1B43462855E45A006198FA /* Preview Assets.xcassets */; };
		2D1B43512855E45A006198FA /* SwiftUIEducationIOSTests.swift in Sources */ = {isa = PBXBuildFile; fileRef = 2D1B43502855E45A006198FA /* SwiftUIEducationIOSTests.swift */; };
		2D1B435B2855E45B006198FA /* SwiftUIEducationIOSUITests.swift in Sources */ = {isa = PBXBuildFile; fileRef = 2D1B435A2855E45B006198FA /* SwiftUIEducationIOSUITests.swift */; };
		2D1B435D2855E45B006198FA /* SwiftUIEducationIOSUITestsLaunchTests.swift in Sources */ = {isa = PBXBuildFile; fileRef = 2D1B435C2855E45B006198FA /* SwiftUIEducationIOSUITestsLaunchTests.swift */; };
		2D1B436D2855E8B7006198FA /* Game.swift in Sources */ = {isa = PBXBuildFile; fileRef = 2D1B436A2855E8B7006198FA /* Game.swift */; };
		2D1B436E2855E8B7006198FA /* RGB.swift in Sources */ = {isa = PBXBuildFile; fileRef = 2D1B436B2855E8B7006198FA /* RGB.swift */; };
		2D1B436F2855E8B7006198FA /* ColorExtension.swift in Sources */ = {isa = PBXBuildFile; fileRef = 2D1B436C2855E8B7006198FA /* ColorExtension.swift */; };
		2D1B437128575036006198FA /* ColorCircle.swift in Sources */ = {isa = PBXBuildFile; fileRef = 2D1B437028575036006198FA /* ColorCircle.swift */; };
		2D1B4378285752CA006198FA /* ViewExtension.swift in Sources */ = {isa = PBXBuildFile; fileRef = 2D1B4377285752CA006198FA /* ViewExtension.swift */; };
		2D1B437A28576F44006198FA /* NeuButtonStyle.swift in Sources */ = {isa = PBXBuildFile; fileRef = 2D1B437928576F44006198FA /* NeuButtonStyle.swift */; };
		2D1B437C2857747D006198FA /* BevelText.swift in Sources */ = {isa = PBXBuildFile; fileRef = 2D1B437B2857747D006198FA /* BevelText.swift */; };
		2D1B4381285785D9006198FA /* SwiftCalcView.swift in Sources */ = {isa = PBXBuildFile; fileRef = 2D1B437E285785D9006198FA /* SwiftCalcView.swift */; };
		2D1B4382285785D9006198FA /* DisplayView.swift in Sources */ = {isa = PBXBuildFile; fileRef = 2D1B437F285785D9006198FA /* DisplayView.swift */; };
		2D1B4383285785D9006198FA /* MemoryView.swift in Sources */ = {isa = PBXBuildFile; fileRef = 2D1B4380285785D9006198FA /* MemoryView.swift */; };
		2D3FDC3B285A65A4002C6480 /* jp.json in Resources */ = {isa = PBXBuildFile; fileRef = 2D3FDC3A285A65A4002C6480 /* jp.json */; };
		2D3FDC4E285A65E1002C6480 /* HomeView.swift in Sources */ = {isa = PBXBuildFile; fileRef = 2D3FDC49285A65E1002C6480 /* HomeView.swift */; };
		2D3FDC5A285A6A17002C6480 /* SwiftUIEducationMacOsApp.swift in Sources */ = {isa = PBXBuildFile; fileRef = 2D3FDC59285A6A17002C6480 /* SwiftUIEducationMacOsApp.swift */; };
		2D3FDC5C285A6A17002C6480 /* ContentView.swift in Sources */ = {isa = PBXBuildFile; fileRef = 2D3FDC5B285A6A17002C6480 /* ContentView.swift */; };
		2D3FDC5E285A6A18002C6480 /* Assets.xcassets in Resources */ = {isa = PBXBuildFile; fileRef = 2D3FDC5D285A6A18002C6480 /* Assets.xcassets */; };
		2D3FDC61285A6A18002C6480 /* Preview Assets.xcassets in Resources */ = {isa = PBXBuildFile; fileRef = 2D3FDC60285A6A18002C6480 /* Preview Assets.xcassets */; };
		2D3FDC67285A6A5D002C6480 /* WelcomeView.swift in Sources */ = {isa = PBXBuildFile; fileRef = 2D3FDC66285A6A5D002C6480 /* WelcomeView.swift */; };
		2D3FDC68285A6A5D002C6480 /* WelcomeView.swift in Sources */ = {isa = PBXBuildFile; fileRef = 2D3FDC66285A6A5D002C6480 /* WelcomeView.swift */; };
		2DA286B92864DAF5006AADB7 /* ChallengesViewModel.swift in Sources */ = {isa = PBXBuildFile; fileRef = 2DA286B22864DAF5006AADB7 /* ChallengesViewModel.swift */; };
		2DA286BA2864DAF5006AADB7 /* ChallengesViewModel.swift in Sources */ = {isa = PBXBuildFile; fileRef = 2DA286B22864DAF5006AADB7 /* ChallengesViewModel.swift */; };
		2DA286BB2864DAF5006AADB7 /* QuestionView.swift in Sources */ = {isa = PBXBuildFile; fileRef = 2DA286B32864DAF5006AADB7 /* QuestionView.swift */; };
		2DA286BC2864DAF5006AADB7 /* QuestionView.swift in Sources */ = {isa = PBXBuildFile; fileRef = 2DA286B32864DAF5006AADB7 /* QuestionView.swift */; };
		2DA286BD2864DAF5006AADB7 /* ChallengeView.swift in Sources */ = {isa = PBXBuildFile; fileRef = 2DA286B42864DAF5006AADB7 /* ChallengeView.swift */; };
		2DA286BE2864DAF5006AADB7 /* ChallengeView.swift in Sources */ = {isa = PBXBuildFile; fileRef = 2DA286B42864DAF5006AADB7 /* ChallengeView.swift */; };
		2DA286BF2864DAF5006AADB7 /* PracticeView.swift in Sources */ = {isa = PBXBuildFile; fileRef = 2DA286B52864DAF5006AADB7 /* PracticeView.swift */; };
		2DA286C02864DAF5006AADB7 /* PracticeView.swift in Sources */ = {isa = PBXBuildFile; fileRef = 2DA286B52864DAF5006AADB7 /* PracticeView.swift */; };
		2DA286C12864DAF5006AADB7 /* ChoicesRow.swift in Sources */ = {isa = PBXBuildFile; fileRef = 2DA286B62864DAF5006AADB7 /* ChoicesRow.swift */; };
		2DA286C22864DAF5006AADB7 /* ChoicesRow.swift in Sources */ = {isa = PBXBuildFile; fileRef = 2DA286B62864DAF5006AADB7 /* ChoicesRow.swift */; };
		2DA286C32864DAF5006AADB7 /* CongratulationsView.swift in Sources */ = {isa = PBXBuildFile; fileRef = 2DA286B72864DAF5006AADB7 /* CongratulationsView.swift */; };
		2DA286C42864DAF5006AADB7 /* CongratulationsView.swift in Sources */ = {isa = PBXBuildFile; fileRef = 2DA286B72864DAF5006AADB7 /* CongratulationsView.swift */; };
		2DA286C52864DAF5006AADB7 /* ChoicesView.swift in Sources */ = {isa = PBXBuildFile; fileRef = 2DA286B82864DAF5006AADB7 /* ChoicesView.swift */; };
		2DA286C62864DAF5006AADB7 /* ChoicesView.swift in Sources */ = {isa = PBXBuildFile; fileRef = 2DA286B82864DAF5006AADB7 /* ChoicesView.swift */; };
		2DA286C92864DB20006AADB7 /* StarterView.swift in Sources */ = {isa = PBXBuildFile; fileRef = 2DA286C72864DB20006AADB7 /* StarterView.swift */; };
		2DA286CA2864DB20006AADB7 /* StarterView.swift in Sources */ = {isa = PBXBuildFile; fileRef = 2DA286C72864DB20006AADB7 /* StarterView.swift */; };
		2DA286CB2864DB20006AADB7 /* HistoryView.swift in Sources */ = {isa = PBXBuildFile; fileRef = 2DA286C82864DB20006AADB7 /* HistoryView.swift */; };
		2DA286CC2864DB20006AADB7 /* HistoryView.swift in Sources */ = {isa = PBXBuildFile; fileRef = 2DA286C82864DB20006AADB7 /* HistoryView.swift */; };
		2DA286E42869FD21006AADB7 /* ChallengeViewPlayground.swift in Sources */ = {isa = PBXBuildFile; fileRef = 2DA286E32869FD21006AADB7 /* ChallengeViewPlayground.swift */; };
		2DC240CB285BDDAB003A82BB /* HorizontallyAlignedLabelStyle.swift in Sources */ = {isa = PBXBuildFile; fileRef = 2DC240CA285BDDAB003A82BB /* HorizontallyAlignedLabelStyle.swift */; };
		2DC240CC285BDDAB003A82BB /* HorizontallyAlignedLabelStyle.swift in Sources */ = {isa = PBXBuildFile; fileRef = 2DC240CA285BDDAB003A82BB /* HorizontallyAlignedLabelStyle.swift */; };
		2DC240DC2860EC5F003A82BB /* UserManager.swift in Sources */ = {isa = PBXBuildFile; fileRef = 2DC240D92860EC5F003A82BB /* UserManager.swift */; };
		2DC240DD2860EC5F003A82BB /* UserManager.swift in Sources */ = {isa = PBXBuildFile; fileRef = 2DC240D92860EC5F003A82BB /* UserManager.swift */; };
		2DC240DE2860EC5F003A82BB /* Profile.swift in Sources */ = {isa = PBXBuildFile; fileRef = 2DC240DA2860EC5F003A82BB /* Profile.swift */; };
		2DC240DF2860EC5F003A82BB /* Profile.swift in Sources */ = {isa = PBXBuildFile; fileRef = 2DC240DA2860EC5F003A82BB /* Profile.swift */; };
		2DC240E02860EC5F003A82BB /* Settings.swift in Sources */ = {isa = PBXBuildFile; fileRef = 2DC240DB2860EC5F003A82BB /* Settings.swift */; };
		2DC240E12860EC5F003A82BB /* Settings.swift in Sources */ = {isa = PBXBuildFile; fileRef = 2DC240DB2860EC5F003A82BB /* Settings.swift */; };
		2DC240E42860ED0B003A82BB /* WelcomeBackgroundImage.swift in Sources */ = {isa = PBXBuildFile; fileRef = 2DC240E32860ED0B003A82BB /* WelcomeBackgroundImage.swift */; };
		2DC240E52860ED0B003A82BB /* WelcomeBackgroundImage.swift in Sources */ = {isa = PBXBuildFile; fileRef = 2DC240E32860ED0B003A82BB /* WelcomeBackgroundImage.swift */; };
		2DC240E72860EE0A003A82BB /* LogoImage.swift in Sources */ = {isa = PBXBuildFile; fileRef = 2DC240E62860EE0A003A82BB /* LogoImage.swift */; };
		2DC240E82860EE0A003A82BB /* LogoImage.swift in Sources */ = {isa = PBXBuildFile; fileRef = 2DC240E62860EE0A003A82BB /* LogoImage.swift */; };
		2DC240EA2860EEAB003A82BB /* WelcomeMessageView.swift in Sources */ = {isa = PBXBuildFile; fileRef = 2DC240E92860EEAB003A82BB /* WelcomeMessageView.swift */; };
		2DC240EB2860EEAB003A82BB /* WelcomeMessageView.swift in Sources */ = {isa = PBXBuildFile; fileRef = 2DC240E92860EEAB003A82BB /* WelcomeMessageView.swift */; };
		2DC240EF2860EF68003A82BB /* RegisterView.swift in Sources */ = {isa = PBXBuildFile; fileRef = 2DC240EE2860EF68003A82BB /* RegisterView.swift */; };
		2DC240F02860EF68003A82BB /* RegisterView.swift in Sources */ = {isa = PBXBuildFile; fileRef = 2DC240EE2860EF68003A82BB /* RegisterView.swift */; };
		2DC240F22860F609003A82BB /* BorderedViewModifier.swift in Sources */ = {isa = PBXBuildFile; fileRef = 2DC240F12860F609003A82BB /* BorderedViewModifier.swift */; };
		2DC240F32860F609003A82BB /* BorderedViewModifier.swift in Sources */ = {isa = PBXBuildFile; fileRef = 2DC240F12860F609003A82BB /* BorderedViewModifier.swift */; };
/* End PBXBuildFile section */

/* Begin PBXContainerItemProxy section */
		2D1B434D2855E45A006198FA /* PBXContainerItemProxy */ = {
			isa = PBXContainerItemProxy;
			containerPortal = 2D1B43342855E459006198FA /* Project object */;
			proxyType = 1;
			remoteGlobalIDString = 2D1B433B2855E459006198FA;
			remoteInfo = SwiftUIEducationIOS;
		};
		2D1B43572855E45B006198FA /* PBXContainerItemProxy */ = {
			isa = PBXContainerItemProxy;
			containerPortal = 2D1B43342855E459006198FA /* Project object */;
			proxyType = 1;
			remoteGlobalIDString = 2D1B433B2855E459006198FA;
			remoteInfo = SwiftUIEducationIOS;
		};
/* End PBXContainerItemProxy section */

/* Begin PBXFileReference section */
		2D1B433C2855E459006198FA /* SwiftUIEducationIOS.app */ = {isa = PBXFileReference; explicitFileType = wrapper.application; includeInIndex = 0; path = SwiftUIEducationIOS.app; sourceTree = BUILT_PRODUCTS_DIR; };
		2D1B433F2855E459006198FA /* SwiftUIEducationIOSApp.swift */ = {isa = PBXFileReference; lastKnownFileType = sourcecode.swift; path = SwiftUIEducationIOSApp.swift; sourceTree = "<group>"; };
		2D1B43412855E459006198FA /* ContentView.swift */ = {isa = PBXFileReference; lastKnownFileType = sourcecode.swift; path = ContentView.swift; sourceTree = "<group>"; };
		2D1B43432855E45A006198FA /* Assets.xcassets */ = {isa = PBXFileReference; lastKnownFileType = folder.assetcatalog; path = Assets.xcassets; sourceTree = "<group>"; };
		2D1B43462855E45A006198FA /* Preview Assets.xcassets */ = {isa = PBXFileReference; lastKnownFileType = folder.assetcatalog; path = "Preview Assets.xcassets"; sourceTree = "<group>"; };
		2D1B434C2855E45A006198FA /* SwiftUIEducationIOSTests.xctest */ = {isa = PBXFileReference; explicitFileType = wrapper.cfbundle; includeInIndex = 0; path = SwiftUIEducationIOSTests.xctest; sourceTree = BUILT_PRODUCTS_DIR; };
		2D1B43502855E45A006198FA /* SwiftUIEducationIOSTests.swift */ = {isa = PBXFileReference; lastKnownFileType = sourcecode.swift; path = SwiftUIEducationIOSTests.swift; sourceTree = "<group>"; };
		2D1B43562855E45B006198FA /* SwiftUIEducationIOSUITests.xctest */ = {isa = PBXFileReference; explicitFileType = wrapper.cfbundle; includeInIndex = 0; path = SwiftUIEducationIOSUITests.xctest; sourceTree = BUILT_PRODUCTS_DIR; };
		2D1B435A2855E45B006198FA /* SwiftUIEducationIOSUITests.swift */ = {isa = PBXFileReference; lastKnownFileType = sourcecode.swift; path = SwiftUIEducationIOSUITests.swift; sourceTree = "<group>"; };
		2D1B435C2855E45B006198FA /* SwiftUIEducationIOSUITestsLaunchTests.swift */ = {isa = PBXFileReference; lastKnownFileType = sourcecode.swift; path = SwiftUIEducationIOSUITestsLaunchTests.swift; sourceTree = "<group>"; };
		2D1B436A2855E8B7006198FA /* Game.swift */ = {isa = PBXFileReference; fileEncoding = 4; lastKnownFileType = sourcecode.swift; path = Game.swift; sourceTree = "<group>"; };
		2D1B436B2855E8B7006198FA /* RGB.swift */ = {isa = PBXFileReference; fileEncoding = 4; lastKnownFileType = sourcecode.swift; path = RGB.swift; sourceTree = "<group>"; };
		2D1B436C2855E8B7006198FA /* ColorExtension.swift */ = {isa = PBXFileReference; fileEncoding = 4; lastKnownFileType = sourcecode.swift; path = ColorExtension.swift; sourceTree = "<group>"; };
		2D1B437028575036006198FA /* ColorCircle.swift */ = {isa = PBXFileReference; lastKnownFileType = sourcecode.swift; path = ColorCircle.swift; sourceTree = "<group>"; };
		2D1B4377285752CA006198FA /* ViewExtension.swift */ = {isa = PBXFileReference; lastKnownFileType = sourcecode.swift; path = ViewExtension.swift; sourceTree = "<group>"; };
		2D1B437928576F44006198FA /* NeuButtonStyle.swift */ = {isa = PBXFileReference; lastKnownFileType = sourcecode.swift; path = NeuButtonStyle.swift; sourceTree = "<group>"; };
		2D1B437B2857747D006198FA /* BevelText.swift */ = {isa = PBXFileReference; lastKnownFileType = sourcecode.swift; path = BevelText.swift; sourceTree = "<group>"; };
		2D1B437E285785D9006198FA /* SwiftCalcView.swift */ = {isa = PBXFileReference; fileEncoding = 4; lastKnownFileType = sourcecode.swift; path = SwiftCalcView.swift; sourceTree = "<group>"; };
		2D1B437F285785D9006198FA /* DisplayView.swift */ = {isa = PBXFileReference; fileEncoding = 4; lastKnownFileType = sourcecode.swift; path = DisplayView.swift; sourceTree = "<group>"; };
		2D1B4380285785D9006198FA /* MemoryView.swift */ = {isa = PBXFileReference; fileEncoding = 4; lastKnownFileType = sourcecode.swift; path = MemoryView.swift; sourceTree = "<group>"; };
		2D1B4384285785E4006198FA /* SwiftCalc.entitlements */ = {isa = PBXFileReference; fileEncoding = 4; lastKnownFileType = text.plist.entitlements; path = SwiftCalc.entitlements; sourceTree = "<group>"; };
		2D3FDC0C2859314B002C6480 /* SwiftUIEducationIOS.entitlements */ = {isa = PBXFileReference; lastKnownFileType = text.plist.entitlements; path = SwiftUIEducationIOS.entitlements; sourceTree = "<group>"; };
		2D3FDC3A285A65A4002C6480 /* jp.json */ = {isa = PBXFileReference; fileEncoding = 4; lastKnownFileType = text.json; path = jp.json; sourceTree = "<group>"; };
		2D3FDC40285A65D4002C6480 /* macOS.entitlements */ = {isa = PBXFileReference; fileEncoding = 4; lastKnownFileType = text.plist.entitlements; path = macOS.entitlements; sourceTree = "<group>"; };
		2D3FDC49285A65E1002C6480 /* HomeView.swift */ = {isa = PBXFileReference; fileEncoding = 4; lastKnownFileType = sourcecode.swift; path = HomeView.swift; sourceTree = "<group>"; };
		2D3FDC57285A6A17002C6480 /* SwiftUIEducationMacOs.app */ = {isa = PBXFileReference; explicitFileType = wrapper.application; includeInIndex = 0; path = SwiftUIEducationMacOs.app; sourceTree = BUILT_PRODUCTS_DIR; };
		2D3FDC59285A6A17002C6480 /* SwiftUIEducationMacOsApp.swift */ = {isa = PBXFileReference; lastKnownFileType = sourcecode.swift; path = SwiftUIEducationMacOsApp.swift; sourceTree = "<group>"; };
		2D3FDC5B285A6A17002C6480 /* ContentView.swift */ = {isa = PBXFileReference; lastKnownFileType = sourcecode.swift; path = ContentView.swift; sourceTree = "<group>"; };
		2D3FDC5D285A6A18002C6480 /* Assets.xcassets */ = {isa = PBXFileReference; lastKnownFileType = folder.assetcatalog; path = Assets.xcassets; sourceTree = "<group>"; };
		2D3FDC60285A6A18002C6480 /* Preview Assets.xcassets */ = {isa = PBXFileReference; lastKnownFileType = folder.assetcatalog; path = "Preview Assets.xcassets"; sourceTree = "<group>"; };
		2D3FDC62285A6A18002C6480 /* SwiftUIEducationMacOs.entitlements */ = {isa = PBXFileReference; lastKnownFileType = text.plist.entitlements; path = SwiftUIEducationMacOs.entitlements; sourceTree = "<group>"; };
		2D3FDC66285A6A5D002C6480 /* WelcomeView.swift */ = {isa = PBXFileReference; lastKnownFileType = sourcecode.swift; path = WelcomeView.swift; sourceTree = "<group>"; };
		2DA286B22864DAF5006AADB7 /* ChallengesViewModel.swift */ = {isa = PBXFileReference; fileEncoding = 4; lastKnownFileType = sourcecode.swift; path = ChallengesViewModel.swift; sourceTree = "<group>"; };
		2DA286B32864DAF5006AADB7 /* QuestionView.swift */ = {isa = PBXFileReference; fileEncoding = 4; lastKnownFileType = sourcecode.swift; path = QuestionView.swift; sourceTree = "<group>"; };
		2DA286B42864DAF5006AADB7 /* ChallengeView.swift */ = {isa = PBXFileReference; fileEncoding = 4; lastKnownFileType = sourcecode.swift; path = ChallengeView.swift; sourceTree = "<group>"; };
		2DA286B52864DAF5006AADB7 /* PracticeView.swift */ = {isa = PBXFileReference; fileEncoding = 4; lastKnownFileType = sourcecode.swift; path = PracticeView.swift; sourceTree = "<group>"; };
		2DA286B62864DAF5006AADB7 /* ChoicesRow.swift */ = {isa = PBXFileReference; fileEncoding = 4; lastKnownFileType = sourcecode.swift; path = ChoicesRow.swift; sourceTree = "<group>"; };
		2DA286B72864DAF5006AADB7 /* CongratulationsView.swift */ = {isa = PBXFileReference; fileEncoding = 4; lastKnownFileType = sourcecode.swift; path = CongratulationsView.swift; sourceTree = "<group>"; };
		2DA286B82864DAF5006AADB7 /* ChoicesView.swift */ = {isa = PBXFileReference; fileEncoding = 4; lastKnownFileType = sourcecode.swift; path = ChoicesView.swift; sourceTree = "<group>"; };
		2DA286C72864DB20006AADB7 /* StarterView.swift */ = {isa = PBXFileReference; fileEncoding = 4; lastKnownFileType = sourcecode.swift; path = StarterView.swift; sourceTree = "<group>"; };
		2DA286C82864DB20006AADB7 /* HistoryView.swift */ = {isa = PBXFileReference; fileEncoding = 4; lastKnownFileType = sourcecode.swift; path = HistoryView.swift; sourceTree = "<group>"; };
		2DA286E32869FD21006AADB7 /* ChallengeViewPlayground.swift */ = {isa = PBXFileReference; lastKnownFileType = sourcecode.swift; path = ChallengeViewPlayground.swift; sourceTree = "<group>"; };
		2DC240CA285BDDAB003A82BB /* HorizontallyAlignedLabelStyle.swift */ = {isa = PBXFileReference; lastKnownFileType = sourcecode.swift; path = HorizontallyAlignedLabelStyle.swift; sourceTree = "<group>"; };
		2DC240D92860EC5F003A82BB /* UserManager.swift */ = {isa = PBXFileReference; fileEncoding = 4; lastKnownFileType = sourcecode.swift; path = UserManager.swift; sourceTree = "<group>"; };
		2DC240DA2860EC5F003A82BB /* Profile.swift */ = {isa = PBXFileReference; fileEncoding = 4; lastKnownFileType = sourcecode.swift; path = Profile.swift; sourceTree = "<group>"; };
		2DC240DB2860EC5F003A82BB /* Settings.swift */ = {isa = PBXFileReference; fileEncoding = 4; lastKnownFileType = sourcecode.swift; path = Settings.swift; sourceTree = "<group>"; };
		2DC240E32860ED0B003A82BB /* WelcomeBackgroundImage.swift */ = {isa = PBXFileReference; lastKnownFileType = sourcecode.swift; path = WelcomeBackgroundImage.swift; sourceTree = "<group>"; };
		2DC240E62860EE0A003A82BB /* LogoImage.swift */ = {isa = PBXFileReference; lastKnownFileType = sourcecode.swift; path = LogoImage.swift; sourceTree = "<group>"; };
		2DC240E92860EEAB003A82BB /* WelcomeMessageView.swift */ = {isa = PBXFileReference; lastKnownFileType = sourcecode.swift; path = WelcomeMessageView.swift; sourceTree = "<group>"; };
		2DC240EE2860EF68003A82BB /* RegisterView.swift */ = {isa = PBXFileReference; lastKnownFileType = sourcecode.swift; path = RegisterView.swift; sourceTree = "<group>"; };
		2DC240F12860F609003A82BB /* BorderedViewModifier.swift */ = {isa = PBXFileReference; lastKnownFileType = sourcecode.swift; path = BorderedViewModifier.swift; sourceTree = "<group>"; };
/* End PBXFileReference section */

/* Begin PBXFrameworksBuildPhase section */
		2D1B43392855E459006198FA /* Frameworks */ = {
			isa = PBXFrameworksBuildPhase;
			buildActionMask = 2147483647;
			files = (
			);
			runOnlyForDeploymentPostprocessing = 0;
		};
		2D1B43492855E45A006198FA /* Frameworks */ = {
			isa = PBXFrameworksBuildPhase;
			buildActionMask = 2147483647;
			files = (
			);
			runOnlyForDeploymentPostprocessing = 0;
		};
		2D1B43532855E45B006198FA /* Frameworks */ = {
			isa = PBXFrameworksBuildPhase;
			buildActionMask = 2147483647;
			files = (
			);
			runOnlyForDeploymentPostprocessing = 0;
		};
		2D3FDC54285A6A17002C6480 /* Frameworks */ = {
			isa = PBXFrameworksBuildPhase;
			buildActionMask = 2147483647;
			files = (
			);
			runOnlyForDeploymentPostprocessing = 0;
		};
/* End PBXFrameworksBuildPhase section */

/* Begin PBXGroup section */
		2D1B43332855E459006198FA = {
			isa = PBXGroup;
			children = (
				2D1B433E2855E459006198FA /* SwiftUIEducationIOS */,
				2D1B434F2855E45A006198FA /* SwiftUIEducationIOSTests */,
				2D1B43592855E45B006198FA /* SwiftUIEducationIOSUITests */,
				2D3FDC58285A6A17002C6480 /* SwiftUIEducationMacOs */,
				2D1B433D2855E459006198FA /* Products */,
			);
			sourceTree = "<group>";
		};
		2D1B433D2855E459006198FA /* Products */ = {
			isa = PBXGroup;
			children = (
				2D1B433C2855E459006198FA /* SwiftUIEducationIOS.app */,
				2D1B434C2855E45A006198FA /* SwiftUIEducationIOSTests.xctest */,
				2D1B43562855E45B006198FA /* SwiftUIEducationIOSUITests.xctest */,
				2D3FDC57285A6A17002C6480 /* SwiftUIEducationMacOs.app */,
			);
			name = Products;
			sourceTree = "<group>";
		};
		2D1B433E2855E459006198FA /* SwiftUIEducationIOS */ = {
			isa = PBXGroup;
			children = (
				2D3FDC0C2859314B002C6480 /* SwiftUIEducationIOS.entitlements */,
				2D1B433F2855E459006198FA /* SwiftUIEducationIOSApp.swift */,
				2D1B4375285752A3006198FA /* RGBullsEyeApp2.3 */,
				2D1B437D285785B6006198FA /* SwiftCalc4 */,
				2D3FDC39285A6519002C6480 /* Kuchi */,
				2D1B43432855E45A006198FA /* Assets.xcassets */,
				2D3FDC3A285A65A4002C6480 /* jp.json */,
				2D1B43452855E45A006198FA /* Preview Content */,
				2D1B437428575287006198FA /* Extension */,
			);
			path = SwiftUIEducationIOS;
			sourceTree = "<group>";
		};
		2D1B43452855E45A006198FA /* Preview Content */ = {
			isa = PBXGroup;
			children = (
				2D1B43462855E45A006198FA /* Preview Assets.xcassets */,
			);
			path = "Preview Content";
			sourceTree = "<group>";
		};
		2D1B434F2855E45A006198FA /* SwiftUIEducationIOSTests */ = {
			isa = PBXGroup;
			children = (
				2D1B43502855E45A006198FA /* SwiftUIEducationIOSTests.swift */,
			);
			path = SwiftUIEducationIOSTests;
			sourceTree = "<group>";
		};
		2D1B43592855E45B006198FA /* SwiftUIEducationIOSUITests */ = {
			isa = PBXGroup;
			children = (
				2D1B435A2855E45B006198FA /* SwiftUIEducationIOSUITests.swift */,
				2D1B435C2855E45B006198FA /* SwiftUIEducationIOSUITestsLaunchTests.swift */,
			);
			path = SwiftUIEducationIOSUITests;
			sourceTree = "<group>";
		};
		2D1B43692855E8B7006198FA /* Model */ = {
			isa = PBXGroup;
			children = (
				2D1B436A2855E8B7006198FA /* Game.swift */,
				2D1B436B2855E8B7006198FA /* RGB.swift */,
				2D1B436C2855E8B7006198FA /* ColorExtension.swift */,
			);
			path = Model;
			sourceTree = "<group>";
		};
		2D1B437428575287006198FA /* Extension */ = {
			isa = PBXGroup;
			children = (
				2D1B4376285752B4006198FA /* ViewExtension */,
			);
			path = Extension;
			sourceTree = "<group>";
		};
		2D1B4375285752A3006198FA /* RGBullsEyeApp2.3 */ = {
			isa = PBXGroup;
			children = (
				2D1B43412855E459006198FA /* ContentView.swift */,
				2D1B437028575036006198FA /* ColorCircle.swift */,
				2D1B43692855E8B7006198FA /* Model */,
				2D1B437928576F44006198FA /* NeuButtonStyle.swift */,
				2D1B437B2857747D006198FA /* BevelText.swift */,
			);
			path = RGBullsEyeApp2.3;
			sourceTree = "<group>";
		};
		2D1B4376285752B4006198FA /* ViewExtension */ = {
			isa = PBXGroup;
			children = (
				2D1B4377285752CA006198FA /* ViewExtension.swift */,
			);
			path = ViewExtension;
			sourceTree = "<group>";
		};
		2D1B437D285785B6006198FA /* SwiftCalc4 */ = {
			isa = PBXGroup;
			children = (
				2D1B4384285785E4006198FA /* SwiftCalc.entitlements */,
				2D1B437F285785D9006198FA /* DisplayView.swift */,
				2D1B4380285785D9006198FA /* MemoryView.swift */,
				2D1B437E285785D9006198FA /* SwiftCalcView.swift */,
			);
			path = SwiftCalc4;
			sourceTree = "<group>";
		};
		2D3FDC39285A6519002C6480 /* Kuchi */ = {
			isa = PBXGroup;
			children = (
				2D3FDC43285A65E1002C6480 /* Shared */,
			);
			path = Kuchi;
			sourceTree = "<group>";
		};
		2D3FDC3F285A65D4002C6480 /* macOS */ = {
			isa = PBXGroup;
			children = (
			);
			path = macOS;
			sourceTree = "<group>";
		};
		2D3FDC43285A65E1002C6480 /* Shared */ = {
			isa = PBXGroup;
			children = (
				2DA286B12864DAE8006AADB7 /* Practice */,
				2DC240D82860EC54003A82BB /* Profile */,
				2D3FDC50285A697E002C6480 /* Welcome */,
				2D3FDC49285A65E1002C6480 /* HomeView.swift */,
				2DA286C82864DB20006AADB7 /* HistoryView.swift */,
				2DA286C72864DB20006AADB7 /* StarterView.swift */,
			);
			path = Shared;
			sourceTree = "<group>";
		};
		2D3FDC50285A697E002C6480 /* Welcome */ = {
			isa = PBXGroup;
			children = (
				2D3FDC66285A6A5D002C6480 /* WelcomeView.swift */,
				2DC240CA285BDDAB003A82BB /* HorizontallyAlignedLabelStyle.swift */,
				2DC240EE2860EF68003A82BB /* RegisterView.swift */,
				2DC240EC2860EF09003A82BB /* Components */,
			);
			path = Welcome;
			sourceTree = "<group>";
		};
		2D3FDC58285A6A17002C6480 /* SwiftUIEducationMacOs */ = {
			isa = PBXGroup;
			children = (
				2D3FDC3F285A65D4002C6480 /* macOS */,
				2D3FDC59285A6A17002C6480 /* SwiftUIEducationMacOsApp.swift */,
				2D3FDC5B285A6A17002C6480 /* ContentView.swift */,
				2D3FDC5D285A6A18002C6480 /* Assets.xcassets */,
				2D3FDC62285A6A18002C6480 /* SwiftUIEducationMacOs.entitlements */,
				2D3FDC40285A65D4002C6480 /* macOS.entitlements */,
				2D3FDC5F285A6A18002C6480 /* Preview Content */,
			);
			path = SwiftUIEducationMacOs;
			sourceTree = "<group>";
		};
		2D3FDC5F285A6A18002C6480 /* Preview Content */ = {
			isa = PBXGroup;
			children = (
				2D3FDC60285A6A18002C6480 /* Preview Assets.xcassets */,
			);
			path = "Preview Content";
			sourceTree = "<group>";
		};
		2DA286B12864DAE8006AADB7 /* Practice */ = {
			isa = PBXGroup;
			children = (
				2DA286B22864DAF5006AADB7 /* ChallengesViewModel.swift */,
				2DA286B42864DAF5006AADB7 /* ChallengeView.swift */,
				2DA286B62864DAF5006AADB7 /* ChoicesRow.swift */,
				2DA286B82864DAF5006AADB7 /* ChoicesView.swift */,
				2DA286B72864DAF5006AADB7 /* CongratulationsView.swift */,
				2DA286B52864DAF5006AADB7 /* PracticeView.swift */,
				2DA286B32864DAF5006AADB7 /* QuestionView.swift */,
				2DA286E32869FD21006AADB7 /* ChallengeViewPlayground.swift */,
			);
			path = Practice;
			sourceTree = "<group>";
		};
		2DC240D82860EC54003A82BB /* Profile */ = {
			isa = PBXGroup;
			children = (
				2DC240DA2860EC5F003A82BB /* Profile.swift */,
				2DC240DB2860EC5F003A82BB /* Settings.swift */,
				2DC240D92860EC5F003A82BB /* UserManager.swift */,
			);
			path = Profile;
			sourceTree = "<group>";
		};
		2DC240EC2860EF09003A82BB /* Components */ = {
			isa = PBXGroup;
			children = (
				2DC240E32860ED0B003A82BB /* WelcomeBackgroundImage.swift */,
				2DC240E62860EE0A003A82BB /* LogoImage.swift */,
				2DC240E92860EEAB003A82BB /* WelcomeMessageView.swift */,
				2DC240F12860F609003A82BB /* BorderedViewModifier.swift */,
			);
			path = Components;
			sourceTree = "<group>";
		};
/* End PBXGroup section */

/* Begin PBXNativeTarget section */
		2D1B433B2855E459006198FA /* SwiftUIEducationIOS */ = {
			isa = PBXNativeTarget;
			buildConfigurationList = 2D1B43602855E45B006198FA /* Build configuration list for PBXNativeTarget "SwiftUIEducationIOS" */;
			buildPhases = (
				2D1B43382855E459006198FA /* Sources */,
				2D1B43392855E459006198FA /* Frameworks */,
				2D1B433A2855E459006198FA /* Resources */,
			);
			buildRules = (
			);
			dependencies = (
			);
			name = SwiftUIEducationIOS;
			productName = SwiftUIEducationIOS;
			productReference = 2D1B433C2855E459006198FA /* SwiftUIEducationIOS.app */;
			productType = "com.apple.product-type.application";
		};
		2D1B434B2855E45A006198FA /* SwiftUIEducationIOSTests */ = {
			isa = PBXNativeTarget;
			buildConfigurationList = 2D1B43632855E45B006198FA /* Build configuration list for PBXNativeTarget "SwiftUIEducationIOSTests" */;
			buildPhases = (
				2D1B43482855E45A006198FA /* Sources */,
				2D1B43492855E45A006198FA /* Frameworks */,
				2D1B434A2855E45A006198FA /* Resources */,
			);
			buildRules = (
			);
			dependencies = (
				2D1B434E2855E45A006198FA /* PBXTargetDependency */,
			);
			name = SwiftUIEducationIOSTests;
			productName = SwiftUIEducationIOSTests;
			productReference = 2D1B434C2855E45A006198FA /* SwiftUIEducationIOSTests.xctest */;
			productType = "com.apple.product-type.bundle.unit-test";
		};
		2D1B43552855E45B006198FA /* SwiftUIEducationIOSUITests */ = {
			isa = PBXNativeTarget;
			buildConfigurationList = 2D1B43662855E45B006198FA /* Build configuration list for PBXNativeTarget "SwiftUIEducationIOSUITests" */;
			buildPhases = (
				2D1B43522855E45B006198FA /* Sources */,
				2D1B43532855E45B006198FA /* Frameworks */,
				2D1B43542855E45B006198FA /* Resources */,
			);
			buildRules = (
			);
			dependencies = (
				2D1B43582855E45B006198FA /* PBXTargetDependency */,
			);
			name = SwiftUIEducationIOSUITests;
			productName = SwiftUIEducationIOSUITests;
			productReference = 2D1B43562855E45B006198FA /* SwiftUIEducationIOSUITests.xctest */;
			productType = "com.apple.product-type.bundle.ui-testing";
		};
		2D3FDC56285A6A17002C6480 /* SwiftUIEducationMacOs */ = {
			isa = PBXNativeTarget;
			buildConfigurationList = 2D3FDC63285A6A18002C6480 /* Build configuration list for PBXNativeTarget "SwiftUIEducationMacOs" */;
			buildPhases = (
				2D3FDC53285A6A17002C6480 /* Sources */,
				2D3FDC54285A6A17002C6480 /* Frameworks */,
				2D3FDC55285A6A17002C6480 /* Resources */,
			);
			buildRules = (
			);
			dependencies = (
			);
			name = SwiftUIEducationMacOs;
			productName = SwiftUIEducationMacOs;
			productReference = 2D3FDC57285A6A17002C6480 /* SwiftUIEducationMacOs.app */;
			productType = "com.apple.product-type.application";
		};
/* End PBXNativeTarget section */

/* Begin PBXProject section */
		2D1B43342855E459006198FA /* Project object */ = {
			isa = PBXProject;
			attributes = {
				BuildIndependentTargetsInParallel = 1;
				LastSwiftUpdateCheck = 1340;
				LastUpgradeCheck = 1340;
				TargetAttributes = {
					2D1B433B2855E459006198FA = {
						CreatedOnToolsVersion = 13.4;
					};
					2D1B434B2855E45A006198FA = {
						CreatedOnToolsVersion = 13.4;
						TestTargetID = 2D1B433B2855E459006198FA;
					};
					2D1B43552855E45B006198FA = {
						CreatedOnToolsVersion = 13.4;
						TestTargetID = 2D1B433B2855E459006198FA;
					};
					2D3FDC56285A6A17002C6480 = {
						CreatedOnToolsVersion = 13.4;
					};
				};
			};
			buildConfigurationList = 2D1B43372855E459006198FA /* Build configuration list for PBXProject "SwiftUIEducationIOS" */;
			compatibilityVersion = "Xcode 13.0";
			developmentRegion = en;
			hasScannedForEncodings = 0;
			knownRegions = (
				en,
				Base,
			);
			mainGroup = 2D1B43332855E459006198FA;
			productRefGroup = 2D1B433D2855E459006198FA /* Products */;
			projectDirPath = "";
			projectRoot = "";
			targets = (
				2D1B433B2855E459006198FA /* SwiftUIEducationIOS */,
				2D1B434B2855E45A006198FA /* SwiftUIEducationIOSTests */,
				2D1B43552855E45B006198FA /* SwiftUIEducationIOSUITests */,
				2D3FDC56285A6A17002C6480 /* SwiftUIEducationMacOs */,
			);
		};
/* End PBXProject section */

/* Begin PBXResourcesBuildPhase section */
		2D1B433A2855E459006198FA /* Resources */ = {
			isa = PBXResourcesBuildPhase;
			buildActionMask = 2147483647;
			files = (
				2D3FDC3B285A65A4002C6480 /* jp.json in Resources */,
				2D1B43472855E45A006198FA /* Preview Assets.xcassets in Resources */,
				2D1B43442855E45A006198FA /* Assets.xcassets in Resources */,
			);
			runOnlyForDeploymentPostprocessing = 0;
		};
		2D1B434A2855E45A006198FA /* Resources */ = {
			isa = PBXResourcesBuildPhase;
			buildActionMask = 2147483647;
			files = (
			);
			runOnlyForDeploymentPostprocessing = 0;
		};
		2D1B43542855E45B006198FA /* Resources */ = {
			isa = PBXResourcesBuildPhase;
			buildActionMask = 2147483647;
			files = (
			);
			runOnlyForDeploymentPostprocessing = 0;
		};
		2D3FDC55285A6A17002C6480 /* Resources */ = {
			isa = PBXResourcesBuildPhase;
			buildActionMask = 2147483647;
			files = (
				2D3FDC61285A6A18002C6480 /* Preview Assets.xcassets in Resources */,
				2D3FDC5E285A6A18002C6480 /* Assets.xcassets in Resources */,
			);
			runOnlyForDeploymentPostprocessing = 0;
		};
/* End PBXResourcesBuildPhase section */

/* Begin PBXSourcesBuildPhase section */
		2D1B43382855E459006198FA /* Sources */ = {
			isa = PBXSourcesBuildPhase;
			buildActionMask = 2147483647;
			files = (
				2DA286BB2864DAF5006AADB7 /* QuestionView.swift in Sources */,
				2DA286C12864DAF5006AADB7 /* ChoicesRow.swift in Sources */,
				2DC240DE2860EC5F003A82BB /* Profile.swift in Sources */,
				2DC240E42860ED0B003A82BB /* WelcomeBackgroundImage.swift in Sources */,
				2DC240E72860EE0A003A82BB /* LogoImage.swift in Sources */,
				2D1B43422855E459006198FA /* ContentView.swift in Sources */,
				2D1B436D2855E8B7006198FA /* Game.swift in Sources */,
				2DA286C32864DAF5006AADB7 /* CongratulationsView.swift in Sources */,
				2D3FDC4E285A65E1002C6480 /* HomeView.swift in Sources */,
				2DA286B92864DAF5006AADB7 /* ChallengesViewModel.swift in Sources */,
				2D1B437C2857747D006198FA /* BevelText.swift in Sources */,
				2D1B4383285785D9006198FA /* MemoryView.swift in Sources */,
				2DC240E02860EC5F003A82BB /* Settings.swift in Sources */,
				2DA286E42869FD21006AADB7 /* ChallengeViewPlayground.swift in Sources */,
				2D1B43402855E459006198FA /* SwiftUIEducationIOSApp.swift in Sources */,
				2DC240DC2860EC5F003A82BB /* UserManager.swift in Sources */,
				2DC240EF2860EF68003A82BB /* RegisterView.swift in Sources */,
				2DC240F22860F609003A82BB /* BorderedViewModifier.swift in Sources */,
				2D1B4378285752CA006198FA /* ViewExtension.swift in Sources */,
				2D1B4381285785D9006198FA /* SwiftCalcView.swift in Sources */,
				2DA286C52864DAF5006AADB7 /* ChoicesView.swift in Sources */,
				2DC240EA2860EEAB003A82BB /* WelcomeMessageView.swift in Sources */,
				2DC240CB285BDDAB003A82BB /* HorizontallyAlignedLabelStyle.swift in Sources */,
				2D1B437A28576F44006198FA /* NeuButtonStyle.swift in Sources */,
				2D1B4382285785D9006198FA /* DisplayView.swift in Sources */,
				2D1B436E2855E8B7006198FA /* RGB.swift in Sources */,
				2DA286CB2864DB20006AADB7 /* HistoryView.swift in Sources */,
				2DA286BD2864DAF5006AADB7 /* ChallengeView.swift in Sources */,
				2DA286C92864DB20006AADB7 /* StarterView.swift in Sources */,
				2D1B436F2855E8B7006198FA /* ColorExtension.swift in Sources */,
				2D1B437128575036006198FA /* ColorCircle.swift in Sources */,
				2DA286BF2864DAF5006AADB7 /* PracticeView.swift in Sources */,
				2D3FDC67285A6A5D002C6480 /* WelcomeView.swift in Sources */,
			);
			runOnlyForDeploymentPostprocessing = 0;
		};
		2D1B43482855E45A006198FA /* Sources */ = {
			isa = PBXSourcesBuildPhase;
			buildActionMask = 2147483647;
			files = (
				2D1B43512855E45A006198FA /* SwiftUIEducationIOSTests.swift in Sources */,
			);
			runOnlyForDeploymentPostprocessing = 0;
		};
		2D1B43522855E45B006198FA /* Sources */ = {
			isa = PBXSourcesBuildPhase;
			buildActionMask = 2147483647;
			files = (
				2D1B435B2855E45B006198FA /* SwiftUIEducationIOSUITests.swift in Sources */,
				2D1B435D2855E45B006198FA /* SwiftUIEducationIOSUITestsLaunchTests.swift in Sources */,
			);
			runOnlyForDeploymentPostprocessing = 0;
		};
		2D3FDC53285A6A17002C6480 /* Sources */ = {
			isa = PBXSourcesBuildPhase;
			buildActionMask = 2147483647;
			files = (
				2DA286C62864DAF5006AADB7 /* ChoicesView.swift in Sources */,
				2DC240F02860EF68003A82BB /* RegisterView.swift in Sources */,
				2D3FDC5C285A6A17002C6480 /* ContentView.swift in Sources */,
				2DC240F32860F609003A82BB /* BorderedViewModifier.swift in Sources */,
				2DA286C02864DAF5006AADB7 /* PracticeView.swift in Sources */,
				2DA286C42864DAF5006AADB7 /* CongratulationsView.swift in Sources */,
				2DC240DF2860EC5F003A82BB /* Profile.swift in Sources */,
				2DA286CC2864DB20006AADB7 /* HistoryView.swift in Sources */,
				2DA286C22864DAF5006AADB7 /* ChoicesRow.swift in Sources */,
				2D3FDC68285A6A5D002C6480 /* WelcomeView.swift in Sources */,
				2DC240EB2860EEAB003A82BB /* WelcomeMessageView.swift in Sources */,
				2DC240E82860EE0A003A82BB /* LogoImage.swift in Sources */,
				2DC240CC285BDDAB003A82BB /* HorizontallyAlignedLabelStyle.swift in Sources */,
				2DA286BE2864DAF5006AADB7 /* ChallengeView.swift in Sources */,
				2DC240E12860EC5F003A82BB /* Settings.swift in Sources */,
				2DC240DD2860EC5F003A82BB /* UserManager.swift in Sources */,
				2DA286BC2864DAF5006AADB7 /* QuestionView.swift in Sources */,
				2DA286CA2864DB20006AADB7 /* StarterView.swift in Sources */,
				2DA286BA2864DAF5006AADB7 /* ChallengesViewModel.swift in Sources */,
				2DC240E52860ED0B003A82BB /* WelcomeBackgroundImage.swift in Sources */,
				2D3FDC5A285A6A17002C6480 /* SwiftUIEducationMacOsApp.swift in Sources */,
			);
			runOnlyForDeploymentPostprocessing = 0;
		};
/* End PBXSourcesBuildPhase section */

/* Begin PBXTargetDependency section */
		2D1B434E2855E45A006198FA /* PBXTargetDependency */ = {
			isa = PBXTargetDependency;
			target = 2D1B433B2855E459006198FA /* SwiftUIEducationIOS */;
			targetProxy = 2D1B434D2855E45A006198FA /* PBXContainerItemProxy */;
		};
		2D1B43582855E45B006198FA /* PBXTargetDependency */ = {
			isa = PBXTargetDependency;
			target = 2D1B433B2855E459006198FA /* SwiftUIEducationIOS */;
			targetProxy = 2D1B43572855E45B006198FA /* PBXContainerItemProxy */;
		};
/* End PBXTargetDependency section */

/* Begin XCBuildConfiguration section */
		2D1B435E2855E45B006198FA /* Debug */ = {
			isa = XCBuildConfiguration;
			buildSettings = {
				ALWAYS_SEARCH_USER_PATHS = NO;
				CLANG_ANALYZER_NONNULL = YES;
				CLANG_ANALYZER_NUMBER_OBJECT_CONVERSION = YES_AGGRESSIVE;
				CLANG_CXX_LANGUAGE_STANDARD = "gnu++17";
				CLANG_ENABLE_MODULES = YES;
				CLANG_ENABLE_OBJC_ARC = YES;
				CLANG_ENABLE_OBJC_WEAK = YES;
				CLANG_WARN_BLOCK_CAPTURE_AUTORELEASING = YES;
				CLANG_WARN_BOOL_CONVERSION = YES;
				CLANG_WARN_COMMA = YES;
				CLANG_WARN_CONSTANT_CONVERSION = YES;
				CLANG_WARN_DEPRECATED_OBJC_IMPLEMENTATIONS = YES;
				CLANG_WARN_DIRECT_OBJC_ISA_USAGE = YES_ERROR;
				CLANG_WARN_DOCUMENTATION_COMMENTS = YES;
				CLANG_WARN_EMPTY_BODY = YES;
				CLANG_WARN_ENUM_CONVERSION = YES;
				CLANG_WARN_INFINITE_RECURSION = YES;
				CLANG_WARN_INT_CONVERSION = YES;
				CLANG_WARN_NON_LITERAL_NULL_CONVERSION = YES;
				CLANG_WARN_OBJC_IMPLICIT_RETAIN_SELF = YES;
				CLANG_WARN_OBJC_LITERAL_CONVERSION = YES;
				CLANG_WARN_OBJC_ROOT_CLASS = YES_ERROR;
				CLANG_WARN_QUOTED_INCLUDE_IN_FRAMEWORK_HEADER = YES;
				CLANG_WARN_RANGE_LOOP_ANALYSIS = YES;
				CLANG_WARN_STRICT_PROTOTYPES = YES;
				CLANG_WARN_SUSPICIOUS_MOVE = YES;
				CLANG_WARN_UNGUARDED_AVAILABILITY = YES_AGGRESSIVE;
				CLANG_WARN_UNREACHABLE_CODE = YES;
				CLANG_WARN__DUPLICATE_METHOD_MATCH = YES;
				COPY_PHASE_STRIP = NO;
				DEBUG_INFORMATION_FORMAT = dwarf;
				ENABLE_STRICT_OBJC_MSGSEND = YES;
				ENABLE_TESTABILITY = YES;
				GCC_C_LANGUAGE_STANDARD = gnu11;
				GCC_DYNAMIC_NO_PIC = NO;
				GCC_NO_COMMON_BLOCKS = YES;
				GCC_OPTIMIZATION_LEVEL = 0;
				GCC_PREPROCESSOR_DEFINITIONS = (
					"DEBUG=1",
					"$(inherited)",
				);
				GCC_WARN_64_TO_32_BIT_CONVERSION = YES;
				GCC_WARN_ABOUT_RETURN_TYPE = YES_ERROR;
				GCC_WARN_UNDECLARED_SELECTOR = YES;
				GCC_WARN_UNINITIALIZED_AUTOS = YES_AGGRESSIVE;
				GCC_WARN_UNUSED_FUNCTION = YES;
				GCC_WARN_UNUSED_VARIABLE = YES;
				IPHONEOS_DEPLOYMENT_TARGET = 15.5;
				MTL_ENABLE_DEBUG_INFO = INCLUDE_SOURCE;
				MTL_FAST_MATH = YES;
				ONLY_ACTIVE_ARCH = YES;
				SDKROOT = iphoneos;
				SWIFT_ACTIVE_COMPILATION_CONDITIONS = DEBUG;
				SWIFT_OPTIMIZATION_LEVEL = "-Onone";
			};
			name = Debug;
		};
		2D1B435F2855E45B006198FA /* Release */ = {
			isa = XCBuildConfiguration;
			buildSettings = {
				ALWAYS_SEARCH_USER_PATHS = NO;
				CLANG_ANALYZER_NONNULL = YES;
				CLANG_ANALYZER_NUMBER_OBJECT_CONVERSION = YES_AGGRESSIVE;
				CLANG_CXX_LANGUAGE_STANDARD = "gnu++17";
				CLANG_ENABLE_MODULES = YES;
				CLANG_ENABLE_OBJC_ARC = YES;
				CLANG_ENABLE_OBJC_WEAK = YES;
				CLANG_WARN_BLOCK_CAPTURE_AUTORELEASING = YES;
				CLANG_WARN_BOOL_CONVERSION = YES;
				CLANG_WARN_COMMA = YES;
				CLANG_WARN_CONSTANT_CONVERSION = YES;
				CLANG_WARN_DEPRECATED_OBJC_IMPLEMENTATIONS = YES;
				CLANG_WARN_DIRECT_OBJC_ISA_USAGE = YES_ERROR;
				CLANG_WARN_DOCUMENTATION_COMMENTS = YES;
				CLANG_WARN_EMPTY_BODY = YES;
				CLANG_WARN_ENUM_CONVERSION = YES;
				CLANG_WARN_INFINITE_RECURSION = YES;
				CLANG_WARN_INT_CONVERSION = YES;
				CLANG_WARN_NON_LITERAL_NULL_CONVERSION = YES;
				CLANG_WARN_OBJC_IMPLICIT_RETAIN_SELF = YES;
				CLANG_WARN_OBJC_LITERAL_CONVERSION = YES;
				CLANG_WARN_OBJC_ROOT_CLASS = YES_ERROR;
				CLANG_WARN_QUOTED_INCLUDE_IN_FRAMEWORK_HEADER = YES;
				CLANG_WARN_RANGE_LOOP_ANALYSIS = YES;
				CLANG_WARN_STRICT_PROTOTYPES = YES;
				CLANG_WARN_SUSPICIOUS_MOVE = YES;
				CLANG_WARN_UNGUARDED_AVAILABILITY = YES_AGGRESSIVE;
				CLANG_WARN_UNREACHABLE_CODE = YES;
				CLANG_WARN__DUPLICATE_METHOD_MATCH = YES;
				COPY_PHASE_STRIP = NO;
				DEBUG_INFORMATION_FORMAT = "dwarf-with-dsym";
				ENABLE_NS_ASSERTIONS = NO;
				ENABLE_STRICT_OBJC_MSGSEND = YES;
				GCC_C_LANGUAGE_STANDARD = gnu11;
				GCC_NO_COMMON_BLOCKS = YES;
				GCC_WARN_64_TO_32_BIT_CONVERSION = YES;
				GCC_WARN_ABOUT_RETURN_TYPE = YES_ERROR;
				GCC_WARN_UNDECLARED_SELECTOR = YES;
				GCC_WARN_UNINITIALIZED_AUTOS = YES_AGGRESSIVE;
				GCC_WARN_UNUSED_FUNCTION = YES;
				GCC_WARN_UNUSED_VARIABLE = YES;
				IPHONEOS_DEPLOYMENT_TARGET = 15.5;
				MTL_ENABLE_DEBUG_INFO = NO;
				MTL_FAST_MATH = YES;
				SDKROOT = iphoneos;
				SWIFT_COMPILATION_MODE = wholemodule;
				SWIFT_OPTIMIZATION_LEVEL = "-O";
				VALIDATE_PRODUCT = YES;
			};
			name = Release;
		};
		2D1B43612855E45B006198FA /* Debug */ = {
			isa = XCBuildConfiguration;
			buildSettings = {
				ASSETCATALOG_COMPILER_APPICON_NAME = AppIcon;
				ASSETCATALOG_COMPILER_GLOBAL_ACCENT_COLOR_NAME = AccentColor;
				CODE_SIGN_ENTITLEMENTS = SwiftUIEducationIOS/SwiftUIEducationIOS.entitlements;
				"CODE_SIGN_IDENTITY[sdk=macosx*]" = "-";
				CODE_SIGN_STYLE = Automatic;
				CURRENT_PROJECT_VERSION = 1;
				DEVELOPMENT_ASSET_PATHS = "\"SwiftUIEducationIOS/Preview Content\"";
				DEVELOPMENT_TEAM = 6FJHRWT7C3;
				ENABLE_PREVIEWS = YES;
				GENERATE_INFOPLIST_FILE = YES;
				INFOPLIST_KEY_UIApplicationSceneManifest_Generation = YES;
				INFOPLIST_KEY_UIApplicationSupportsIndirectInputEvents = YES;
				INFOPLIST_KEY_UILaunchScreen_Generation = YES;
				INFOPLIST_KEY_UISupportedInterfaceOrientations_iPad = "UIInterfaceOrientationPortrait UIInterfaceOrientationPortraitUpsideDown UIInterfaceOrientationLandscapeLeft UIInterfaceOrientationLandscapeRight";
				INFOPLIST_KEY_UISupportedInterfaceOrientations_iPhone = "UIInterfaceOrientationPortrait UIInterfaceOrientationLandscapeLeft UIInterfaceOrientationLandscapeRight";
				"IPHONEOS_DEPLOYMENT_TARGET[sdk=macosx*]" = 15.0;
				LD_RUNPATH_SEARCH_PATHS = (
					"$(inherited)",
					"@executable_path/Frameworks",
				);
				MARKETING_VERSION = 1.0;
				PRODUCT_BUNDLE_IDENTIFIER = fedorinovdmitry.t.me.SwiftUIEducationIOS;
				PRODUCT_NAME = "$(TARGET_NAME)";
				SUPPORTS_MACCATALYST = YES;
				SWIFT_EMIT_LOC_STRINGS = YES;
				SWIFT_VERSION = 5.0;
				TARGETED_DEVICE_FAMILY = "1,2,6";
			};
			name = Debug;
		};
		2D1B43622855E45B006198FA /* Release */ = {
			isa = XCBuildConfiguration;
			buildSettings = {
				ASSETCATALOG_COMPILER_APPICON_NAME = AppIcon;
				ASSETCATALOG_COMPILER_GLOBAL_ACCENT_COLOR_NAME = AccentColor;
				CODE_SIGN_ENTITLEMENTS = SwiftUIEducationIOS/SwiftUIEducationIOS.entitlements;
				"CODE_SIGN_IDENTITY[sdk=macosx*]" = "-";
				CODE_SIGN_STYLE = Automatic;
				CURRENT_PROJECT_VERSION = 1;
				DEVELOPMENT_ASSET_PATHS = "\"SwiftUIEducationIOS/Preview Content\"";
				DEVELOPMENT_TEAM = 6FJHRWT7C3;
				ENABLE_PREVIEWS = YES;
				GENERATE_INFOPLIST_FILE = YES;
				INFOPLIST_KEY_UIApplicationSceneManifest_Generation = YES;
				INFOPLIST_KEY_UIApplicationSupportsIndirectInputEvents = YES;
				INFOPLIST_KEY_UILaunchScreen_Generation = YES;
				INFOPLIST_KEY_UISupportedInterfaceOrientations_iPad = "UIInterfaceOrientationPortrait UIInterfaceOrientationPortraitUpsideDown UIInterfaceOrientationLandscapeLeft UIInterfaceOrientationLandscapeRight";
				INFOPLIST_KEY_UISupportedInterfaceOrientations_iPhone = "UIInterfaceOrientationPortrait UIInterfaceOrientationLandscapeLeft UIInterfaceOrientationLandscapeRight";
				"IPHONEOS_DEPLOYMENT_TARGET[sdk=macosx*]" = 15.0;
				LD_RUNPATH_SEARCH_PATHS = (
					"$(inherited)",
					"@executable_path/Frameworks",
				);
				MARKETING_VERSION = 1.0;
				PRODUCT_BUNDLE_IDENTIFIER = fedorinovdmitry.t.me.SwiftUIEducationIOS;
				PRODUCT_NAME = "$(TARGET_NAME)";
				SUPPORTS_MACCATALYST = YES;
				SWIFT_EMIT_LOC_STRINGS = YES;
				SWIFT_VERSION = 5.0;
				TARGETED_DEVICE_FAMILY = "1,2,6";
			};
			name = Release;
		};
		2D1B43642855E45B006198FA /* Debug */ = {
			isa = XCBuildConfiguration;
			buildSettings = {
				ALWAYS_EMBED_SWIFT_STANDARD_LIBRARIES = YES;
				BUNDLE_LOADER = "$(TEST_HOST)";
				"CODE_SIGN_IDENTITY[sdk=macosx*]" = "-";
				CODE_SIGN_STYLE = Automatic;
				CURRENT_PROJECT_VERSION = 1;
				DEVELOPMENT_TEAM = 6FJHRWT7C3;
				GENERATE_INFOPLIST_FILE = YES;
				IPHONEOS_DEPLOYMENT_TARGET = 15.5;
				MACOSX_DEPLOYMENT_TARGET = 12.0;
				MARKETING_VERSION = 1.0;
				PRODUCT_BUNDLE_IDENTIFIER = fedorinovdmitry.t.me.SwiftUIEducationIOSTests;
				PRODUCT_NAME = "$(TARGET_NAME)";
				SWIFT_EMIT_LOC_STRINGS = NO;
				SWIFT_VERSION = 5.0;
				TARGETED_DEVICE_FAMILY = "1,2";
				TEST_HOST = "$(BUILT_PRODUCTS_DIR)/SwiftUIEducationIOS.app/SwiftUIEducationIOS";
			};
			name = Debug;
		};
		2D1B43652855E45B006198FA /* Release */ = {
			isa = XCBuildConfiguration;
			buildSettings = {
				ALWAYS_EMBED_SWIFT_STANDARD_LIBRARIES = YES;
				BUNDLE_LOADER = "$(TEST_HOST)";
				"CODE_SIGN_IDENTITY[sdk=macosx*]" = "-";
				CODE_SIGN_STYLE = Automatic;
				CURRENT_PROJECT_VERSION = 1;
				DEVELOPMENT_TEAM = 6FJHRWT7C3;
				GENERATE_INFOPLIST_FILE = YES;
				IPHONEOS_DEPLOYMENT_TARGET = 15.5;
				MACOSX_DEPLOYMENT_TARGET = 12.0;
				MARKETING_VERSION = 1.0;
				PRODUCT_BUNDLE_IDENTIFIER = fedorinovdmitry.t.me.SwiftUIEducationIOSTests;
				PRODUCT_NAME = "$(TARGET_NAME)";
				SWIFT_EMIT_LOC_STRINGS = NO;
				SWIFT_VERSION = 5.0;
				TARGETED_DEVICE_FAMILY = "1,2";
				TEST_HOST = "$(BUILT_PRODUCTS_DIR)/SwiftUIEducationIOS.app/SwiftUIEducationIOS";
			};
			name = Release;
		};
		2D1B43672855E45B006198FA /* Debug */ = {
			isa = XCBuildConfiguration;
			buildSettings = {
				ALWAYS_EMBED_SWIFT_STANDARD_LIBRARIES = YES;
				"CODE_SIGN_IDENTITY[sdk=macosx*]" = "-";
				CODE_SIGN_STYLE = Automatic;
				CURRENT_PROJECT_VERSION = 1;
				DEVELOPMENT_TEAM = 6FJHRWT7C3;
				GENERATE_INFOPLIST_FILE = YES;
				MACOSX_DEPLOYMENT_TARGET = 12.0;
				MARKETING_VERSION = 1.0;
				PRODUCT_BUNDLE_IDENTIFIER = fedorinovdmitry.t.me.SwiftUIEducationIOSUITests;
				PRODUCT_NAME = "$(TARGET_NAME)";
				SWIFT_EMIT_LOC_STRINGS = NO;
				SWIFT_VERSION = 5.0;
				TARGETED_DEVICE_FAMILY = "1,2";
				TEST_TARGET_NAME = SwiftUIEducationIOS;
			};
			name = Debug;
		};
		2D1B43682855E45B006198FA /* Release */ = {
			isa = XCBuildConfiguration;
			buildSettings = {
				ALWAYS_EMBED_SWIFT_STANDARD_LIBRARIES = YES;
				"CODE_SIGN_IDENTITY[sdk=macosx*]" = "-";
				CODE_SIGN_STYLE = Automatic;
				CURRENT_PROJECT_VERSION = 1;
				DEVELOPMENT_TEAM = 6FJHRWT7C3;
				GENERATE_INFOPLIST_FILE = YES;
				MACOSX_DEPLOYMENT_TARGET = 12.0;
				MARKETING_VERSION = 1.0;
				PRODUCT_BUNDLE_IDENTIFIER = fedorinovdmitry.t.me.SwiftUIEducationIOSUITests;
				PRODUCT_NAME = "$(TARGET_NAME)";
				SWIFT_EMIT_LOC_STRINGS = NO;
				SWIFT_VERSION = 5.0;
				TARGETED_DEVICE_FAMILY = "1,2";
				TEST_TARGET_NAME = SwiftUIEducationIOS;
			};
			name = Release;
		};
		2D3FDC64285A6A18002C6480 /* Debug */ = {
			isa = XCBuildConfiguration;
			buildSettings = {
				ASSETCATALOG_COMPILER_APPICON_NAME = AppIcon;
				ASSETCATALOG_COMPILER_GLOBAL_ACCENT_COLOR_NAME = AccentColor;
				CODE_SIGN_ENTITLEMENTS = SwiftUIEducationMacOs/SwiftUIEducationMacOs.entitlements;
				CODE_SIGN_STYLE = Automatic;
				COMBINE_HIDPI_IMAGES = YES;
				CURRENT_PROJECT_VERSION = 1;
				DEVELOPMENT_ASSET_PATHS = "\"SwiftUIEducationMacOs/Preview Content\"";
				ENABLE_PREVIEWS = YES;
				GENERATE_INFOPLIST_FILE = YES;
				INFOPLIST_KEY_NSHumanReadableCopyright = "";
				LD_RUNPATH_SEARCH_PATHS = (
					"$(inherited)",
					"@executable_path/../Frameworks",
				);
				MACOSX_DEPLOYMENT_TARGET = 12.0;
				MARKETING_VERSION = 1.0;
				PRODUCT_BUNDLE_IDENTIFIER = fedorinovdmitry.t.me.SwiftUIEducationMacOs;
				PRODUCT_NAME = "$(TARGET_NAME)";
				SDKROOT = macosx;
				SWIFT_EMIT_LOC_STRINGS = YES;
				SWIFT_VERSION = 5.0;
			};
			name = Debug;
		};
		2D3FDC65285A6A18002C6480 /* Release */ = {
			isa = XCBuildConfiguration;
			buildSettings = {
				ASSETCATALOG_COMPILER_APPICON_NAME = AppIcon;
				ASSETCATALOG_COMPILER_GLOBAL_ACCENT_COLOR_NAME = AccentColor;
				CODE_SIGN_ENTITLEMENTS = SwiftUIEducationMacOs/SwiftUIEducationMacOs.entitlements;
				CODE_SIGN_STYLE = Automatic;
				COMBINE_HIDPI_IMAGES = YES;
				CURRENT_PROJECT_VERSION = 1;
				DEVELOPMENT_ASSET_PATHS = "\"SwiftUIEducationMacOs/Preview Content\"";
				ENABLE_PREVIEWS = YES;
				GENERATE_INFOPLIST_FILE = YES;
				INFOPLIST_KEY_NSHumanReadableCopyright = "";
				LD_RUNPATH_SEARCH_PATHS = (
					"$(inherited)",
					"@executable_path/../Frameworks",
				);
				MACOSX_DEPLOYMENT_TARGET = 12.0;
				MARKETING_VERSION = 1.0;
				PRODUCT_BUNDLE_IDENTIFIER = fedorinovdmitry.t.me.SwiftUIEducationMacOs;
				PRODUCT_NAME = "$(TARGET_NAME)";
				SDKROOT = macosx;
				SWIFT_EMIT_LOC_STRINGS = YES;
				SWIFT_VERSION = 5.0;
			};
			name = Release;
		};
/* End XCBuildConfiguration section */

/* Begin XCConfigurationList section */
		2D1B43372855E459006198FA /* Build configuration list for PBXProject "SwiftUIEducationIOS" */ = {
			isa = XCConfigurationList;
			buildConfigurations = (
				2D1B435E2855E45B006198FA /* Debug */,
				2D1B435F2855E45B006198FA /* Release */,
			);
			defaultConfigurationIsVisible = 0;
			defaultConfigurationName = Release;
		};
		2D1B43602855E45B006198FA /* Build configuration list for PBXNativeTarget "SwiftUIEducationIOS" */ = {
			isa = XCConfigurationList;
			buildConfigurations = (
				2D1B43612855E45B006198FA /* Debug */,
				2D1B43622855E45B006198FA /* Release */,
			);
			defaultConfigurationIsVisible = 0;
			defaultConfigurationName = Release;
		};
		2D1B43632855E45B006198FA /* Build configuration list for PBXNativeTarget "SwiftUIEducationIOSTests" */ = {
			isa = XCConfigurationList;
			buildConfigurations = (
				2D1B43642855E45B006198FA /* Debug */,
				2D1B43652855E45B006198FA /* Release */,
			);
			defaultConfigurationIsVisible = 0;
			defaultConfigurationName = Release;
		};
		2D1B43662855E45B006198FA /* Build configuration list for PBXNativeTarget "SwiftUIEducationIOSUITests" */ = {
			isa = XCConfigurationList;
			buildConfigurations = (
				2D1B43672855E45B006198FA /* Debug */,
				2D1B43682855E45B006198FA /* Release */,
			);
			defaultConfigurationIsVisible = 0;
			defaultConfigurationName = Release;
		};
		2D3FDC63285A6A18002C6480 /* Build configuration list for PBXNativeTarget "SwiftUIEducationMacOs" */ = {
			isa = XCConfigurationList;
			buildConfigurations = (
				2D3FDC64285A6A18002C6480 /* Debug */,
				2D3FDC65285A6A18002C6480 /* Release */,
			);
			defaultConfigurationIsVisible = 0;
			defaultConfigurationName = Release;
		};
/* End XCConfigurationList section */
	};
	rootObject = 2D1B43342855E459006198FA /* Project object */;
}
